
Microsoft Visual Studio Solution File, Format Version 12.00
# Visual Studio Version 17
VisualStudioVersion = 17.8.34316.72
MinimumVisualStudioVersion = 10.0.40219.1
Project("{9A19103F-16F7-4668-BE54-9A1E7A4F7556}") = "GeoWall-E", "GeoWall-E\GeoWall-E.csproj", "{5D44EFF3-D653-41DD-8891-A1D49728244D}"
EndProject
Project("{9A19103F-16F7-4668-BE54-9A1E7A4F7556}") = "GSharp-Interpreter", "G#-Interpreter\GSharp-Interpreter.csproj", "{357D6C0F-E5F3-468B-90D7-A1D38BB2A3D0}"
EndProject
Project("{9A19103F-16F7-4668-BE54-9A1E7A4F7556}") = "G#-ConsoleInterface", "G#-ConsoleInterface\G#-ConsoleInterface.csproj", "{75F45853-C26D-4BA9-8264-B834CCA4027F}"
EndProject
Global
	GlobalSection(SolutionConfigurationPlatforms) = preSolution
		Debug|Any CPU = Debug|Any CPU
		Release|Any CPU = Release|Any CPU
	EndGlobalSection
	GlobalSection(ProjectConfigurationPlatforms) = postSolution
		{5D44EFF3-D653-41DD-8891-A1D49728244D}.Debug|Any CPU.ActiveCfg = Debug|Any CPU
		{5D44EFF3-D653-41DD-8891-A1D49728244D}.Debug|Any CPU.Build.0 = Debug|Any CPU
		{5D44EFF3-D653-41DD-8891-A1D49728244D}.Release|Any CPU.ActiveCfg = Release|Any CPU
		{5D44EFF3-D653-41DD-8891-A1D49728244D}.Release|Any CPU.Build.0 = Release|Any CPU
		{357D6C0F-E5F3-468B-90D7-A1D38BB2A3D0}.Debug|Any CPU.ActiveCfg = Debug|Any CPU
		{357D6C0F-E5F3-468B-90D7-A1D38BB2A3D0}.Debug|Any CPU.Build.0 = Debug|Any CPU
		{357D6C0F-E5F3-468B-90D7-A1D38BB2A3D0}.Release|Any CPU.ActiveCfg = Release|Any CPU
		{357D6C0F-E5F3-468B-90D7-A1D38BB2A3D0}.Release|Any CPU.Build.0 = Release|Any CPU
		{75F45853-C26D-4BA9-8264-B834CCA4027F}.Debug|Any CPU.ActiveCfg = Debug|Any CPU
		{75F45853-C26D-4BA9-8264-B834CCA4027F}.Debug|Any CPU.Build.0 = Debug|Any CPU
		{75F45853-C26D-4BA9-8264-B834CCA4027F}.Release|Any CPU.ActiveCfg = Release|Any CPU
		{75F45853-C26D-4BA9-8264-B834CCA4027F}.Release|Any CPU.Build.0 = Release|Any CPU
	EndGlobalSection
	GlobalSection(SolutionProperties) = preSolution
		HideSolutionNode = FALSE
	EndGlobalSection
	GlobalSection(ExtensibilityGlobals) = postSolution
		SolutionGuid = {BBECA478-3CD1-4384-AD3B-2BD9438A008F}
	EndGlobalSection
EndGlobal
